
Microsoft Visual Studio Solution File, Format Version 12.00
# Visual Studio Version 17
VisualStudioVersion = 17.7.34031.279
MinimumVisualStudioVersion = 10.0.40219.1
Project("{54A90642-561A-4BB1-A94E-469ADEE60C69}") = "TaskManager", "TaskManager.esproj", "{DA84D222-901A-4354-856F-8959087C1C67}"
EndProject
Global
	GlobalSection(SolutionConfigurationPlatforms) = preSolution
		Debug|Any CPU = Debug|Any CPU
		Release|Any CPU = Release|Any CPU
	EndGlobalSection
	GlobalSection(ProjectConfigurationPlatforms) = postSolution
		{DA84D222-901A-4354-856F-8959087C1C67}.Debug|Any CPU.ActiveCfg = Debug|Any CPU
		{DA84D222-901A-4354-856F-8959087C1C67}.Debug|Any CPU.Build.0 = Debug|Any CPU
		{DA84D222-901A-4354-856F-8959087C1C67}.Debug|Any CPU.Deploy.0 = Debug|Any CPU
		{DA84D222-901A-4354-856F-8959087C1C67}.Release|Any CPU.ActiveCfg = Release|Any CPU
		{DA84D222-901A-4354-856F-8959087C1C67}.Release|Any CPU.Build.0 = Release|Any CPU
		{DA84D222-901A-4354-856F-8959087C1C67}.Release|Any CPU.Deploy.0 = Release|Any CPU
	EndGlobalSection
	GlobalSection(SolutionProperties) = preSolution
		HideSolutionNode = FALSE
	EndGlobalSection
	GlobalSection(ExtensibilityGlobals) = postSolution
		SolutionGuid = {64C73555-0A03-43B4-8BA0-9A33AA93DAD4}
	EndGlobalSection
EndGlobal
